// !$*UTF8*$!
{
	archiveVersion = 1;
	classes = {
	};
	objectVersion = 50;
	objects = {

/* Begin PBXBuildFile section */
		8C4DF0B8252CF02E00A6D6B9 /* LeafyApp.swift in Sources */ = {isa = PBXBuildFile; fileRef = 8C4DF0B7252CF02E00A6D6B9 /* LeafyApp.swift */; };
		8C4DF0BA252CF02E00A6D6B9 /* ContentView.swift in Sources */ = {isa = PBXBuildFile; fileRef = 8C4DF0B9252CF02E00A6D6B9 /* ContentView.swift */; };
		8C4DF0BC252CF03000A6D6B9 /* Assets.xcassets in Resources */ = {isa = PBXBuildFile; fileRef = 8C4DF0BB252CF03000A6D6B9 /* Assets.xcassets */; };
		8C4DF0BF252CF03000A6D6B9 /* Preview Assets.xcassets in Resources */ = {isa = PBXBuildFile; fileRef = 8C4DF0BE252CF03000A6D6B9 /* Preview Assets.xcassets */; };
		8C4DF0C1252CF03000A6D6B9 /* Persistence.swift in Sources */ = {isa = PBXBuildFile; fileRef = 8C4DF0C0252CF03000A6D6B9 /* Persistence.swift */; };
		8C4DF0C4252CF03000A6D6B9 /* Leafy.xcdatamodeld in Sources */ = {isa = PBXBuildFile; fileRef = 8C4DF0C2252CF03000A6D6B9 /* Leafy.xcdatamodeld */; };
		8C4DF0CF252CF03000A6D6B9 /* LeafyTests.swift in Sources */ = {isa = PBXBuildFile; fileRef = 8C4DF0CE252CF03000A6D6B9 /* LeafyTests.swift */; };
		8C4DF0DA252CF03100A6D6B9 /* LeafyUITests.swift in Sources */ = {isa = PBXBuildFile; fileRef = 8C4DF0D9252CF03100A6D6B9 /* LeafyUITests.swift */; };
/* End PBXBuildFile section */

/* Begin PBXContainerItemProxy section */
		8C4DF0CB252CF03000A6D6B9 /* PBXContainerItemProxy */ = {
			isa = PBXContainerItemProxy;
			containerPortal = 8C4DF0AC252CF02E00A6D6B9 /* Project object */;
			proxyType = 1;
			remoteGlobalIDString = 8C4DF0B3252CF02E00A6D6B9;
			remoteInfo = Leafy;
		};
		8C4DF0D6252CF03100A6D6B9 /* PBXContainerItemProxy */ = {
			isa = PBXContainerItemProxy;
			containerPortal = 8C4DF0AC252CF02E00A6D6B9 /* Project object */;
			proxyType = 1;
			remoteGlobalIDString = 8C4DF0B3252CF02E00A6D6B9;
			remoteInfo = Leafy;
		};
/* End PBXContainerItemProxy section */

/* Begin PBXFileReference section */
		8C4DF0B4252CF02E00A6D6B9 /* Leafy.app */ = {isa = PBXFileReference; explicitFileType = wrapper.application; includeInIndex = 0; path = Leafy.app; sourceTree = BUILT_PRODUCTS_DIR; };
		8C4DF0B7252CF02E00A6D6B9 /* LeafyApp.swift */ = {isa = PBXFileReference; lastKnownFileType = sourcecode.swift; path = LeafyApp.swift; sourceTree = "<group>"; };
		8C4DF0B9252CF02E00A6D6B9 /* ContentView.swift */ = {isa = PBXFileReference; lastKnownFileType = sourcecode.swift; path = ContentView.swift; sourceTree = "<group>"; };
		8C4DF0BB252CF03000A6D6B9 /* Assets.xcassets */ = {isa = PBXFileReference; lastKnownFileType = folder.assetcatalog; path = Assets.xcassets; sourceTree = "<group>"; };
		8C4DF0BE252CF03000A6D6B9 /* Preview Assets.xcassets */ = {isa = PBXFileReference; lastKnownFileType = folder.assetcatalog; path = "Preview Assets.xcassets"; sourceTree = "<group>"; };
		8C4DF0C0252CF03000A6D6B9 /* Persistence.swift */ = {isa = PBXFileReference; lastKnownFileType = sourcecode.swift; path = Persistence.swift; sourceTree = "<group>"; };
		8C4DF0C3252CF03000A6D6B9 /* Leafy.xcdatamodel */ = {isa = PBXFileReference; lastKnownFileType = wrapper.xcdatamodel; path = Leafy.xcdatamodel; sourceTree = "<group>"; };
		8C4DF0C5252CF03000A6D6B9 /* Info.plist */ = {isa = PBXFileReference; lastKnownFileType = text.plist.xml; path = Info.plist; sourceTree = "<group>"; };
		8C4DF0CA252CF03000A6D6B9 /* LeafyTests.xctest */ = {isa = PBXFileReference; explicitFileType = wrapper.cfbundle; includeInIndex = 0; path = LeafyTests.xctest; sourceTree = BUILT_PRODUCTS_DIR; };
		8C4DF0CE252CF03000A6D6B9 /* LeafyTests.swift */ = {isa = PBXFileReference; lastKnownFileType = sourcecode.swift; path = LeafyTests.swift; sourceTree = "<group>"; };
		8C4DF0D0252CF03000A6D6B9 /* Info.plist */ = {isa = PBXFileReference; lastKnownFileType = text.plist.xml; path = Info.plist; sourceTree = "<group>"; };
		8C4DF0D5252CF03100A6D6B9 /* LeafyUITests.xctest */ = {isa = PBXFileReference; explicitFileType = wrapper.cfbundle; includeInIndex = 0; path = LeafyUITests.xctest; sourceTree = BUILT_PRODUCTS_DIR; };
		8C4DF0D9252CF03100A6D6B9 /* LeafyUITests.swift */ = {isa = PBXFileReference; lastKnownFileType = sourcecode.swift; path = LeafyUITests.swift; sourceTree = "<group>"; };
		8C4DF0DB252CF03100A6D6B9 /* Info.plist */ = {isa = PBXFileReference; lastKnownFileType = text.plist.xml; path = Info.plist; sourceTree = "<group>"; };
/* End PBXFileReference section */

/* Begin PBXFrameworksBuildPhase section */
		8C4DF0B1252CF02E00A6D6B9 /* Frameworks */ = {
			isa = PBXFrameworksBuildPhase;
			buildActionMask = 2147483647;
			files = (
			);
			runOnlyForDeploymentPostprocessing = 0;
		};
		8C4DF0C7252CF03000A6D6B9 /* Frameworks */ = {
			isa = PBXFrameworksBuildPhase;
			buildActionMask = 2147483647;
			files = (
			);
			runOnlyForDeploymentPostprocessing = 0;
		};
		8C4DF0D2252CF03100A6D6B9 /* Frameworks */ = {
			isa = PBXFrameworksBuildPhase;
			buildActionMask = 2147483647;
			files = (
			);
			runOnlyForDeploymentPostprocessing = 0;
		};
/* End PBXFrameworksBuildPhase section */

/* Begin PBXGroup section */
		8C4DF0AB252CF02E00A6D6B9 = {
			isa = PBXGroup;
			children = (
				8C4DF0B6252CF02E00A6D6B9 /* Leafy */,
				8C4DF0CD252CF03000A6D6B9 /* LeafyTests */,
				8C4DF0D8252CF03100A6D6B9 /* LeafyUITests */,
				8C4DF0B5252CF02E00A6D6B9 /* Products */,
			);
			sourceTree = "<group>";
		};
		8C4DF0B5252CF02E00A6D6B9 /* Products */ = {
			isa = PBXGroup;
			children = (
				8C4DF0B4252CF02E00A6D6B9 /* Leafy.app */,
				8C4DF0CA252CF03000A6D6B9 /* LeafyTests.xctest */,
				8C4DF0D5252CF03100A6D6B9 /* LeafyUITests.xctest */,
			);
			name = Products;
			sourceTree = "<group>";
		};
		8C4DF0B6252CF02E00A6D6B9 /* Leafy */ = {
			isa = PBXGroup;
			children = (
				8C4DF0B7252CF02E00A6D6B9 /* LeafyApp.swift */,
				8C4DF0B9252CF02E00A6D6B9 /* ContentView.swift */,
				8C4DF0BB252CF03000A6D6B9 /* Assets.xcassets */,
				8C4DF0C0252CF03000A6D6B9 /* Persistence.swift */,
				8C4DF0C5252CF03000A6D6B9 /* Info.plist */,
				8C4DF0C2252CF03000A6D6B9 /* Leafy.xcdatamodeld */,
				8C4DF0BD252CF03000A6D6B9 /* Preview Content */,
			);
			path = Leafy;
			sourceTree = "<group>";
		};
		8C4DF0BD252CF03000A6D6B9 /* Preview Content */ = {
			isa = PBXGroup;
			children = (
				8C4DF0BE252CF03000A6D6B9 /* Preview Assets.xcassets */,
			);
			path = "Preview Content";
			sourceTree = "<group>";
		};
		8C4DF0CD252CF03000A6D6B9 /* LeafyTests */ = {
			isa = PBXGroup;
			children = (
				8C4DF0CE252CF03000A6D6B9 /* LeafyTests.swift */,
				8C4DF0D0252CF03000A6D6B9 /* Info.plist */,
			);
			path = LeafyTests;
			sourceTree = "<group>";
		};
		8C4DF0D8252CF03100A6D6B9 /* LeafyUITests */ = {
			isa = PBXGroup;
			children = (
				8C4DF0D9252CF03100A6D6B9 /* LeafyUITests.swift */,
				8C4DF0DB252CF03100A6D6B9 /* Info.plist */,
			);
			path = LeafyUITests;
			sourceTree = "<group>";
		};
/* End PBXGroup section */

/* Begin PBXNativeTarget section */
		8C4DF0B3252CF02E00A6D6B9 /* Leafy */ = {
			isa = PBXNativeTarget;
			buildConfigurationList = 8C4DF0DE252CF03100A6D6B9 /* Build configuration list for PBXNativeTarget "Leafy" */;
			buildPhases = (
				8C4DF0B0252CF02E00A6D6B9 /* Sources */,
				8C4DF0B1252CF02E00A6D6B9 /* Frameworks */,
				8C4DF0B2252CF02E00A6D6B9 /* Resources */,
			);
			buildRules = (
			);
			dependencies = (
			);
			name = Leafy;
			productName = Leafy;
			productReference = 8C4DF0B4252CF02E00A6D6B9 /* Leafy.app */;
			productType = "com.apple.product-type.application";
		};
		8C4DF0C9252CF03000A6D6B9 /* LeafyTests */ = {
			isa = PBXNativeTarget;
			buildConfigurationList = 8C4DF0E1252CF03100A6D6B9 /* Build configuration list for PBXNativeTarget "LeafyTests" */;
			buildPhases = (
				8C4DF0C6252CF03000A6D6B9 /* Sources */,
				8C4DF0C7252CF03000A6D6B9 /* Frameworks */,
				8C4DF0C8252CF03000A6D6B9 /* Resources */,
			);
			buildRules = (
			);
			dependencies = (
				8C4DF0CC252CF03000A6D6B9 /* PBXTargetDependency */,
			);
			name = LeafyTests;
			productName = LeafyTests;
			productReference = 8C4DF0CA252CF03000A6D6B9 /* LeafyTests.xctest */;
			productType = "com.apple.product-type.bundle.unit-test";
		};
		8C4DF0D4252CF03100A6D6B9 /* LeafyUITests */ = {
			isa = PBXNativeTarget;
			buildConfigurationList = 8C4DF0E4252CF03100A6D6B9 /* Build configuration list for PBXNativeTarget "LeafyUITests" */;
			buildPhases = (
				8C4DF0D1252CF03100A6D6B9 /* Sources */,
				8C4DF0D2252CF03100A6D6B9 /* Frameworks */,
				8C4DF0D3252CF03100A6D6B9 /* Resources */,
			);
			buildRules = (
			);
			dependencies = (
				8C4DF0D7252CF03100A6D6B9 /* PBXTargetDependency */,
			);
			name = LeafyUITests;
			productName = LeafyUITests;
			productReference = 8C4DF0D5252CF03100A6D6B9 /* LeafyUITests.xctest */;
			productType = "com.apple.product-type.bundle.ui-testing";
		};
/* End PBXNativeTarget section */

/* Begin PBXProject section */
		8C4DF0AC252CF02E00A6D6B9 /* Project object */ = {
			isa = PBXProject;
			attributes = {
				LastSwiftUpdateCheck = 1200;
				LastUpgradeCheck = 1200;
				TargetAttributes = {
					8C4DF0B3252CF02E00A6D6B9 = {
						CreatedOnToolsVersion = 12.0;
					};
					8C4DF0C9252CF03000A6D6B9 = {
						CreatedOnToolsVersion = 12.0;
						TestTargetID = 8C4DF0B3252CF02E00A6D6B9;
					};
					8C4DF0D4252CF03100A6D6B9 = {
						CreatedOnToolsVersion = 12.0;
						TestTargetID = 8C4DF0B3252CF02E00A6D6B9;
					};
				};
			};
			buildConfigurationList = 8C4DF0AF252CF02E00A6D6B9 /* Build configuration list for PBXProject "Leafy" */;
			compatibilityVersion = "Xcode 9.3";
			developmentRegion = en;
			hasScannedForEncodings = 0;
			knownRegions = (
				en,
				Base,
			);
			mainGroup = 8C4DF0AB252CF02E00A6D6B9;
			productRefGroup = 8C4DF0B5252CF02E00A6D6B9 /* Products */;
			projectDirPath = "";
			projectRoot = "";
			targets = (
				8C4DF0B3252CF02E00A6D6B9 /* Leafy */,
				8C4DF0C9252CF03000A6D6B9 /* LeafyTests */,
				8C4DF0D4252CF03100A6D6B9 /* LeafyUITests */,
			);
		};
/* End PBXProject section */

/* Begin PBXResourcesBuildPhase section */
		8C4DF0B2252CF02E00A6D6B9 /* Resources */ = {
			isa = PBXResourcesBuildPhase;
			buildActionMask = 2147483647;
			files = (
				8C4DF0BF252CF03000A6D6B9 /* Preview Assets.xcassets in Resources */,
				8C4DF0BC252CF03000A6D6B9 /* Assets.xcassets in Resources */,
			);
			runOnlyForDeploymentPostprocessing = 0;
		};
		8C4DF0C8252CF03000A6D6B9 /* Resources */ = {
			isa = PBXResourcesBuildPhase;
			buildActionMask = 2147483647;
			files = (
			);
			runOnlyForDeploymentPostprocessing = 0;
		};
		8C4DF0D3252CF03100A6D6B9 /* Resources */ = {
			isa = PBXResourcesBuildPhase;
			buildActionMask = 2147483647;
			files = (
			);
			runOnlyForDeploymentPostprocessing = 0;
		};
/* End PBXResourcesBuildPhase section */

/* Begin PBXSourcesBuildPhase section */
		8C4DF0B0252CF02E00A6D6B9 /* Sources */ = {
			isa = PBXSourcesBuildPhase;
			buildActionMask = 2147483647;
			files = (
				8C4DF0C1252CF03000A6D6B9 /* Persistence.swift in Sources */,
				8C4DF0BA252CF02E00A6D6B9 /* ContentView.swift in Sources */,
				8C4DF0B8252CF02E00A6D6B9 /* LeafyApp.swift in Sources */,
				8C4DF0C4252CF03000A6D6B9 /* Leafy.xcdatamodeld in Sources */,
			);
			runOnlyForDeploymentPostprocessing = 0;
		};
		8C4DF0C6252CF03000A6D6B9 /* Sources */ = {
			isa = PBXSourcesBuildPhase;
			buildActionMask = 2147483647;
			files = (
				8C4DF0CF252CF03000A6D6B9 /* LeafyTests.swift in Sources */,
			);
			runOnlyForDeploymentPostprocessing = 0;
		};
		8C4DF0D1252CF03100A6D6B9 /* Sources */ = {
			isa = PBXSourcesBuildPhase;
			buildActionMask = 2147483647;
			files = (
				8C4DF0DA252CF03100A6D6B9 /* LeafyUITests.swift in Sources */,
			);
			runOnlyForDeploymentPostprocessing = 0;
		};
/* End PBXSourcesBuildPhase section */

/* Begin PBXTargetDependency section */
		8C4DF0CC252CF03000A6D6B9 /* PBXTargetDependency */ = {
			isa = PBXTargetDependency;
			target = 8C4DF0B3252CF02E00A6D6B9 /* Leafy */;
			targetProxy = 8C4DF0CB252CF03000A6D6B9 /* PBXContainerItemProxy */;
		};
		8C4DF0D7252CF03100A6D6B9 /* PBXTargetDependency */ = {
			isa = PBXTargetDependency;
			target = 8C4DF0B3252CF02E00A6D6B9 /* Leafy */;
			targetProxy = 8C4DF0D6252CF03100A6D6B9 /* PBXContainerItemProxy */;
		};
/* End PBXTargetDependency section */

/* Begin XCBuildConfiguration section */
		8C4DF0DC252CF03100A6D6B9 /* Debug */ = {
			isa = XCBuildConfiguration;
			buildSettings = {
				ALWAYS_SEARCH_USER_PATHS = NO;
				CLANG_ANALYZER_NONNULL = YES;
				CLANG_ANALYZER_NUMBER_OBJECT_CONVERSION = YES_AGGRESSIVE;
				CLANG_CXX_LANGUAGE_STANDARD = "gnu++14";
				CLANG_CXX_LIBRARY = "libc++";
				CLANG_ENABLE_MODULES = YES;
				CLANG_ENABLE_OBJC_ARC = YES;
				CLANG_ENABLE_OBJC_WEAK = YES;
				CLANG_WARN_BLOCK_CAPTURE_AUTORELEASING = YES;
				CLANG_WARN_BOOL_CONVERSION = YES;
				CLANG_WARN_COMMA = YES;
				CLANG_WARN_CONSTANT_CONVERSION = YES;
				CLANG_WARN_DEPRECATED_OBJC_IMPLEMENTATIONS = YES;
				CLANG_WARN_DIRECT_OBJC_ISA_USAGE = YES_ERROR;
				CLANG_WARN_DOCUMENTATION_COMMENTS = YES;
				CLANG_WARN_EMPTY_BODY = YES;
				CLANG_WARN_ENUM_CONVERSION = YES;
				CLANG_WARN_INFINITE_RECURSION = YES;
				CLANG_WARN_INT_CONVERSION = YES;
				CLANG_WARN_NON_LITERAL_NULL_CONVERSION = YES;
				CLANG_WARN_OBJC_IMPLICIT_RETAIN_SELF = YES;
				CLANG_WARN_OBJC_LITERAL_CONVERSION = YES;
				CLANG_WARN_OBJC_ROOT_CLASS = YES_ERROR;
				CLANG_WARN_QUOTED_INCLUDE_IN_FRAMEWORK_HEADER = YES;
				CLANG_WARN_RANGE_LOOP_ANALYSIS = YES;
				CLANG_WARN_STRICT_PROTOTYPES = YES;
				CLANG_WARN_SUSPICIOUS_MOVE = YES;
				CLANG_WARN_UNGUARDED_AVAILABILITY = YES_AGGRESSIVE;
				CLANG_WARN_UNREACHABLE_CODE = YES;
				CLANG_WARN__DUPLICATE_METHOD_MATCH = YES;
				COPY_PHASE_STRIP = NO;
				DEBUG_INFORMATION_FORMAT = dwarf;
				ENABLE_STRICT_OBJC_MSGSEND = YES;
				ENABLE_TESTABILITY = YES;
				GCC_C_LANGUAGE_STANDARD = gnu11;
				GCC_DYNAMIC_NO_PIC = NO;
				GCC_NO_COMMON_BLOCKS = YES;
				GCC_OPTIMIZATION_LEVEL = 0;
				GCC_PREPROCESSOR_DEFINITIONS = (
					"DEBUG=1",
					"$(inherited)",
				);
				GCC_WARN_64_TO_32_BIT_CONVERSION = YES;
				GCC_WARN_ABOUT_RETURN_TYPE = YES_ERROR;
				GCC_WARN_UNDECLARED_SELECTOR = YES;
				GCC_WARN_UNINITIALIZED_AUTOS = YES_AGGRESSIVE;
				GCC_WARN_UNUSED_FUNCTION = YES;
				GCC_WARN_UNUSED_VARIABLE = YES;
				IPHONEOS_DEPLOYMENT_TARGET = 14.0;
				MTL_ENABLE_DEBUG_INFO = INCLUDE_SOURCE;
				MTL_FAST_MATH = YES;
				ONLY_ACTIVE_ARCH = YES;
				SDKROOT = iphoneos;
				SWIFT_ACTIVE_COMPILATION_CONDITIONS = DEBUG;
				SWIFT_OPTIMIZATION_LEVEL = "-Onone";
			};
			name = Debug;
		};
		8C4DF0DD252CF03100A6D6B9 /* Release */ = {
			isa = XCBuildConfiguration;
			buildSettings = {
				ALWAYS_SEARCH_USER_PATHS = NO;
				CLANG_ANALYZER_NONNULL = YES;
				CLANG_ANALYZER_NUMBER_OBJECT_CONVERSION = YES_AGGRESSIVE;
				CLANG_CXX_LANGUAGE_STANDARD = "gnu++14";
				CLANG_CXX_LIBRARY = "libc++";
				CLANG_ENABLE_MODULES = YES;
				CLANG_ENABLE_OBJC_ARC = YES;
				CLANG_ENABLE_OBJC_WEAK = YES;
				CLANG_WARN_BLOCK_CAPTURE_AUTORELEASING = YES;
				CLANG_WARN_BOOL_CONVERSION = YES;
				CLANG_WARN_COMMA = YES;
				CLANG_WARN_CONSTANT_CONVERSION = YES;
				CLANG_WARN_DEPRECATED_OBJC_IMPLEMENTATIONS = YES;
				CLANG_WARN_DIRECT_OBJC_ISA_USAGE = YES_ERROR;
				CLANG_WARN_DOCUMENTATION_COMMENTS = YES;
				CLANG_WARN_EMPTY_BODY = YES;
				CLANG_WARN_ENUM_CONVERSION = YES;
				CLANG_WARN_INFINITE_RECURSION = YES;
				CLANG_WARN_INT_CONVERSION = YES;
				CLANG_WARN_NON_LITERAL_NULL_CONVERSION = YES;
				CLANG_WARN_OBJC_IMPLICIT_RETAIN_SELF = YES;
				CLANG_WARN_OBJC_LITERAL_CONVERSION = YES;
				CLANG_WARN_OBJC_ROOT_CLASS = YES_ERROR;
				CLANG_WARN_QUOTED_INCLUDE_IN_FRAMEWORK_HEADER = YES;
				CLANG_WARN_RANGE_LOOP_ANALYSIS = YES;
				CLANG_WARN_STRICT_PROTOTYPES = YES;
				CLANG_WARN_SUSPICIOUS_MOVE = YES;
				CLANG_WARN_UNGUARDED_AVAILABILITY = YES_AGGRESSIVE;
				CLANG_WARN_UNREACHABLE_CODE = YES;
				CLANG_WARN__DUPLICATE_METHOD_MATCH = YES;
				COPY_PHASE_STRIP = NO;
				DEBUG_INFORMATION_FORMAT = "dwarf-with-dsym";
				ENABLE_NS_ASSERTIONS = NO;
				ENABLE_STRICT_OBJC_MSGSEND = YES;
				GCC_C_LANGUAGE_STANDARD = gnu11;
				GCC_NO_COMMON_BLOCKS = YES;
				GCC_WARN_64_TO_32_BIT_CONVERSION = YES;
				GCC_WARN_ABOUT_RETURN_TYPE = YES_ERROR;
				GCC_WARN_UNDECLARED_SELECTOR = YES;
				GCC_WARN_UNINITIALIZED_AUTOS = YES_AGGRESSIVE;
				GCC_WARN_UNUSED_FUNCTION = YES;
				GCC_WARN_UNUSED_VARIABLE = YES;
				IPHONEOS_DEPLOYMENT_TARGET = 14.0;
				MTL_ENABLE_DEBUG_INFO = NO;
				MTL_FAST_MATH = YES;
				SDKROOT = iphoneos;
				SWIFT_COMPILATION_MODE = wholemodule;
				SWIFT_OPTIMIZATION_LEVEL = "-O";
				VALIDATE_PRODUCT = YES;
			};
			name = Release;
		};
		8C4DF0DF252CF03100A6D6B9 /* Debug */ = {
			isa = XCBuildConfiguration;
			buildSettings = {
				ASSETCATALOG_COMPILER_APPICON_NAME = AppIcon;
				ASSETCATALOG_COMPILER_GLOBAL_ACCENT_COLOR_NAME = AccentColor;
				CODE_SIGN_STYLE = Automatic;
				DEVELOPMENT_ASSET_PATHS = "\"Leafy/Preview Content\"";
				DEVELOPMENT_TEAM = 4L98FXB43E;
				ENABLE_PREVIEWS = YES;
				INFOPLIST_FILE = Leafy/Info.plist;
				IPHONEOS_DEPLOYMENT_TARGET = 14.0;
				LD_RUNPATH_SEARCH_PATHS = (
					"$(inherited)",
					"@executable_path/Frameworks",
				);
				PRODUCT_BUNDLE_IDENTIFIER = com.leafy.Leafy;
				PRODUCT_NAME = "$(TARGET_NAME)";
				SWIFT_VERSION = 5.0;
				TARGETED_DEVICE_FAMILY = "1,2";
			};
			name = Debug;
		};
		8C4DF0E0252CF03100A6D6B9 /* Release */ = {
			isa = XCBuildConfiguration;
			buildSettings = {
				ASSETCATALOG_COMPILER_APPICON_NAME = AppIcon;
				ASSETCATALOG_COMPILER_GLOBAL_ACCENT_COLOR_NAME = AccentColor;
				CODE_SIGN_STYLE = Automatic;
				DEVELOPMENT_ASSET_PATHS = "\"Leafy/Preview Content\"";
				DEVELOPMENT_TEAM = 4L98FXB43E;
				ENABLE_PREVIEWS = YES;
				INFOPLIST_FILE = Leafy/Info.plist;
				IPHONEOS_DEPLOYMENT_TARGET = 14.0;
				LD_RUNPATH_SEARCH_PATHS = (
					"$(inherited)",
					"@executable_path/Frameworks",
				);
				PRODUCT_BUNDLE_IDENTIFIER = com.leafy.Leafy;
				PRODUCT_NAME = "$(TARGET_NAME)";
				SWIFT_VERSION = 5.0;
				TARGETED_DEVICE_FAMILY = "1,2";
			};
			name = Release;
		};
		8C4DF0E2252CF03100A6D6B9 /* Debug */ = {
			isa = XCBuildConfiguration;
			buildSettings = {
				ALWAYS_EMBED_SWIFT_STANDARD_LIBRARIES = YES;
				BUNDLE_LOADER = "$(TEST_HOST)";
				CODE_SIGN_STYLE = Automatic;
				DEVELOPMENT_TEAM = 4L98FXB43E;
				INFOPLIST_FILE = LeafyTests/Info.plist;
				IPHONEOS_DEPLOYMENT_TARGET = 14.0;
				LD_RUNPATH_SEARCH_PATHS = (
					"$(inherited)",
					"@executable_path/Frameworks",
					"@loader_path/Frameworks",
				);
				PRODUCT_BUNDLE_IDENTIFIER = com.leafy.LeafyTests;
				PRODUCT_NAME = "$(TARGET_NAME)";
				SWIFT_VERSION = 5.0;
				TARGETED_DEVICE_FAMILY = "1,2";
				TEST_HOST = "$(BUILT_PRODUCTS_DIR)/Leafy.app/Leafy";
			};
			name = Debug;
		};
		8C4DF0E3252CF03100A6D6B9 /* Release */ = {
			isa = XCBuildConfiguration;
			buildSettings = {
				ALWAYS_EMBED_SWIFT_STANDARD_LIBRARIES = YES;
				BUNDLE_LOADER = "$(TEST_HOST)";
				CODE_SIGN_STYLE = Automatic;
				DEVELOPMENT_TEAM = 4L98FXB43E;
				INFOPLIST_FILE = LeafyTests/Info.plist;
				IPHONEOS_DEPLOYMENT_TARGET = 14.0;
				LD_RUNPATH_SEARCH_PATHS = (
					"$(inherited)",
					"@executable_path/Frameworks",
					"@loader_path/Frameworks",
				);
				PRODUCT_BUNDLE_IDENTIFIER = com.leafy.LeafyTests;
				PRODUCT_NAME = "$(TARGET_NAME)";
				SWIFT_VERSION = 5.0;
				TARGETED_DEVICE_FAMILY = "1,2";
				TEST_HOST = "$(BUILT_PRODUCTS_DIR)/Leafy.app/Leafy";
			};
			name = Release;
		};
		8C4DF0E5252CF03100A6D6B9 /* Debug */ = {
			isa = XCBuildConfiguration;
			buildSettings = {
				ALWAYS_EMBED_SWIFT_STANDARD_LIBRARIES = YES;
				CODE_SIGN_STYLE = Automatic;
				DEVELOPMENT_TEAM = 4L98FXB43E;
				INFOPLIST_FILE = LeafyUITests/Info.plist;
				LD_RUNPATH_SEARCH_PATHS = (
					"$(inherited)",
					"@executable_path/Frameworks",
					"@loader_path/Frameworks",
				);
				PRODUCT_BUNDLE_IDENTIFIER = com.leafy.LeafyUITests;
				PRODUCT_NAME = "$(TARGET_NAME)";
				SWIFT_VERSION = 5.0;
				TARGETED_DEVICE_FAMILY = "1,2";
				TEST_TARGET_NAME = Leafy;
			};
			name = Debug;
		};
		8C4DF0E6252CF03100A6D6B9 /* Release */ = {
			isa = XCBuildConfiguration;
			buildSettings = {
				ALWAYS_EMBED_SWIFT_STANDARD_LIBRARIES = YES;
				CODE_SIGN_STYLE = Automatic;
				DEVELOPMENT_TEAM = 4L98FXB43E;
				INFOPLIST_FILE = LeafyUITests/Info.plist;
				LD_RUNPATH_SEARCH_PATHS = (
					"$(inherited)",
					"@executable_path/Frameworks",
					"@loader_path/Frameworks",
				);
				PRODUCT_BUNDLE_IDENTIFIER = com.leafy.LeafyUITests;
				PRODUCT_NAME = "$(TARGET_NAME)";
				SWIFT_VERSION = 5.0;
				TARGETED_DEVICE_FAMILY = "1,2";
				TEST_TARGET_NAME = Leafy;
			};
			name = Release;
		};
/* End XCBuildConfiguration section */

/* Begin XCConfigurationList section */
		8C4DF0AF252CF02E00A6D6B9 /* Build configuration list for PBXProject "Leafy" */ = {
			isa = XCConfigurationList;
			buildConfigurations = (
				8C4DF0DC252CF03100A6D6B9 /* Debug */,
				8C4DF0DD252CF03100A6D6B9 /* Release */,
			);
			defaultConfigurationIsVisible = 0;
			defaultConfigurationName = Release;
		};
		8C4DF0DE252CF03100A6D6B9 /* Build configuration list for PBXNativeTarget "Leafy" */ = {
			isa = XCConfigurationList;
			buildConfigurations = (
				8C4DF0DF252CF03100A6D6B9 /* Debug */,
				8C4DF0E0252CF03100A6D6B9 /* Release */,
			);
			defaultConfigurationIsVisible = 0;
			defaultConfigurationName = Release;
		};
		8C4DF0E1252CF03100A6D6B9 /* Build configuration list for PBXNativeTarget "LeafyTests" */ = {
			isa = XCConfigurationList;
			buildConfigurations = (
				8C4DF0E2252CF03100A6D6B9 /* Debug */,
				8C4DF0E3252CF03100A6D6B9 /* Release */,
			);
			defaultConfigurationIsVisible = 0;
			defaultConfigurationName = Release;
		};
		8C4DF0E4252CF03100A6D6B9 /* Build configuration list for PBXNativeTarget "LeafyUITests" */ = {
			isa = XCConfigurationList;
			buildConfigurations = (
				8C4DF0E5252CF03100A6D6B9 /* Debug */,
				8C4DF0E6252CF03100A6D6B9 /* Release */,
			);
			defaultConfigurationIsVisible = 0;
			defaultConfigurationName = Release;
		};
/* End XCConfigurationList section */

/* Begin XCVersionGroup section */
		8C4DF0C2252CF03000A6D6B9 /* Leafy.xcdatamodeld */ = {
			isa = XCVersionGroup;
			children = (
				8C4DF0C3252CF03000A6D6B9 /* Leafy.xcdatamodel */,
			);
			currentVersion = 8C4DF0C3252CF03000A6D6B9 /* Leafy.xcdatamodel */;
			path = Leafy.xcdatamodeld;
			sourceTree = "<group>";
			versionGroupType = wrapper.xcdatamodel;
		};
/* End XCVersionGroup section */
	};
	rootObject = 8C4DF0AC252CF02E00A6D6B9 /* Project object */;
}
